
Microsoft Visual Studio Solution File, Format Version 12.00
# Visual Studio 15
VisualStudioVersion = 15.0.28307.168
MinimumVisualStudioVersion = 10.0.40219.1
Project("{151D2E53-A2C4-4D7D-83FE-D05416EBD58E}") = "AzurePAW-ADDS-AddDC", "AzurePAW-ADDS-AddDC\AzurePAW-ADDS-AddDC.deployproj", "{D8199381-1BD5-4870-8F59-14561B34071B}"
EndProject
Global
	GlobalSection(SolutionConfigurationPlatforms) = preSolution
		Debug|Any CPU = Debug|Any CPU
		Release|Any CPU = Release|Any CPU
	EndGlobalSection
	GlobalSection(ProjectConfigurationPlatforms) = postSolution
		{D8199381-1BD5-4870-8F59-14561B34071B}.Debug|Any CPU.ActiveCfg = Debug|Any CPU
		{D8199381-1BD5-4870-8F59-14561B34071B}.Debug|Any CPU.Build.0 = Debug|Any CPU
		{D8199381-1BD5-4870-8F59-14561B34071B}.Release|Any CPU.ActiveCfg = Release|Any CPU
		{D8199381-1BD5-4870-8F59-14561B34071B}.Release|Any CPU.Build.0 = Release|Any CPU
	EndGlobalSection
	GlobalSection(SolutionProperties) = preSolution
		HideSolutionNode = FALSE
	EndGlobalSection
	GlobalSection(ExtensibilityGlobals) = postSolution
		SolutionGuid = {1354AF12-DF06-42DC-9247-664B28B65CD3}
	EndGlobalSection
EndGlobal
